
Microsoft Visual Studio Solution File, Format Version 12.00
# Visual Studio 15
VisualStudioVersion = 15.0.27130.2027
MinimumVisualStudioVersion = 10.0.40219.1
Project("{FAE04EC0-301F-11D3-BF4B-00C04F79EFBC}") = "Serialization", "Serialization\Serialization.csproj", "{12D11553-2161-4122-815A-48C15A05362B}"
EndProject
Project("{FAE04EC0-301F-11D3-BF4B-00C04F79EFBC}") = "BinarySerialization", "BinarySerialization\BinarySerialization.csproj", "{6C547C44-A279-4B00-8177-8DE4558989FE}"
EndProject
Project("{FAE04EC0-301F-11D3-BF4B-00C04F79EFBC}") = "ClassLibrary1", "ClassLibrary1\ClassLibrary1.csproj", "{BDD59955-F6C6-4899-844E-CBD137C5E078}"
EndProject
Global
	GlobalSection(SolutionConfigurationPlatforms) = preSolution
		Debug|Any CPU = Debug|Any CPU
		Release|Any CPU = Release|Any CPU
	EndGlobalSection
	GlobalSection(ProjectConfigurationPlatforms) = postSolution
		{12D11553-2161-4122-815A-48C15A05362B}.Debug|Any CPU.ActiveCfg = Debug|Any CPU
		{12D11553-2161-4122-815A-48C15A05362B}.Debug|Any CPU.Build.0 = Debug|Any CPU
		{12D11553-2161-4122-815A-48C15A05362B}.Release|Any CPU.ActiveCfg = Release|Any CPU
		{12D11553-2161-4122-815A-48C15A05362B}.Release|Any CPU.Build.0 = Release|Any CPU
		{6C547C44-A279-4B00-8177-8DE4558989FE}.Debug|Any CPU.ActiveCfg = Debug|Any CPU
		{6C547C44-A279-4B00-8177-8DE4558989FE}.Debug|Any CPU.Build.0 = Debug|Any CPU
		{6C547C44-A279-4B00-8177-8DE4558989FE}.Release|Any CPU.ActiveCfg = Release|Any CPU
		{6C547C44-A279-4B00-8177-8DE4558989FE}.Release|Any CPU.Build.0 = Release|Any CPU
		{BDD59955-F6C6-4899-844E-CBD137C5E078}.Debug|Any CPU.ActiveCfg = Debug|Any CPU
		{BDD59955-F6C6-4899-844E-CBD137C5E078}.Debug|Any CPU.Build.0 = Debug|Any CPU
		{BDD59955-F6C6-4899-844E-CBD137C5E078}.Release|Any CPU.ActiveCfg = Release|Any CPU
		{BDD59955-F6C6-4899-844E-CBD137C5E078}.Release|Any CPU.Build.0 = Release|Any CPU
	EndGlobalSection
	GlobalSection(SolutionProperties) = preSolution
		HideSolutionNode = FALSE
	EndGlobalSection
	GlobalSection(ExtensibilityGlobals) = postSolution
		SolutionGuid = {BAD11946-83C7-4A02-801E-8D5AAB9B6B24}
	EndGlobalSection
EndGlobal
